
Microsoft Visual Studio Solution File, Format Version 12.00
# Visual Studio Version 16
VisualStudioVersion = 16.0.33027.164
MinimumVisualStudioVersion = 10.0.40219.1
Project("{8BC9CEB8-8B4A-11D0-8D11-00A0C91BC942}") = "BlackJack", "BlackJack.vcxproj", "{D29A1860-7E99-462E-B32E-87F22213B737}"
EndProject
Global
	GlobalSection(SolutionConfigurationPlatforms) = preSolution
		Debug|x64 = Debug|x64
		Debug|x86 = Debug|x86
		Release|x64 = Release|x64
		Release|x86 = Release|x86
	EndGlobalSection
	GlobalSection(ProjectConfigurationPlatforms) = postSolution
		{D29A1860-7E99-462E-B32E-87F22213B737}.Debug|x64.ActiveCfg = Debug|x64
		{D29A1860-7E99-462E-B32E-87F22213B737}.Debug|x64.Build.0 = Debug|x64
		{D29A1860-7E99-462E-B32E-87F22213B737}.Debug|x86.ActiveCfg = Debug|Win32
		{D29A1860-7E99-462E-B32E-87F22213B737}.Debug|x86.Build.0 = Debug|Win32
		{D29A1860-7E99-462E-B32E-87F22213B737}.Release|x64.ActiveCfg = Release|x64
		{D29A1860-7E99-462E-B32E-87F22213B737}.Release|x64.Build.0 = Release|x64
		{D29A1860-7E99-462E-B32E-87F22213B737}.Release|x86.ActiveCfg = Release|Win32
		{D29A1860-7E99-462E-B32E-87F22213B737}.Release|x86.Build.0 = Release|Win32
	EndGlobalSection
	GlobalSection(SolutionProperties) = preSolution
		HideSolutionNode = FALSE
	EndGlobalSection
	GlobalSection(ExtensibilityGlobals) = postSolution
		SolutionGuid = {B725C0B3-7421-44BF-A9CE-0CF7D36DD114}
	EndGlobalSection
EndGlobal
